
Microsoft Visual Studio Solution File, Format Version 12.00
# Visual Studio 15
Project("{FAE04EC0-301F-11D3-BF4B-00C04F79EFBC}") = "LearnModalNavigation.Android", "LearnModalNavigation.Android\LearnModalNavigation.Android.csproj", "{BC0A0876-7C46-4CCC-AFFC-7DC0BAEF593A}"
EndProject
Project("{FAE04EC0-301F-11D3-BF4B-00C04F79EFBC}") = "LearnModalNavigation.iOS", "LearnModalNavigation.iOS\LearnModalNavigation.iOS.csproj", "{156C8A0C-6B32-4F0B-9C41-B401D1EC0244}"
EndProject
Project("{D954291E-2A0B-460D-934E-DC6B0785DB48}") = "LearnModalNavigation", "LearnModalNavigation\LearnModalNavigation.shproj", "{1D749E8E-D845-4B65-AEE7-53BB922122DC}"
EndProject
Global
	GlobalSection(SolutionConfigurationPlatforms) = preSolution
		Debug|Any CPU = Debug|Any CPU
		Release|Any CPU = Release|Any CPU
		Debug|iPhoneSimulator = Debug|iPhoneSimulator
		Release|iPhoneSimulator = Release|iPhoneSimulator
		Debug|iPhone = Debug|iPhone
		Release|iPhone = Release|iPhone
		Ad-Hoc|iPhone = Ad-Hoc|iPhone
		AppStore|iPhone = AppStore|iPhone
	EndGlobalSection
	GlobalSection(ProjectConfigurationPlatforms) = postSolution
		{BC0A0876-7C46-4CCC-AFFC-7DC0BAEF593A}.Debug|Any CPU.ActiveCfg = Debug|Any CPU
		{BC0A0876-7C46-4CCC-AFFC-7DC0BAEF593A}.Debug|Any CPU.Build.0 = Debug|Any CPU
		{BC0A0876-7C46-4CCC-AFFC-7DC0BAEF593A}.Release|Any CPU.ActiveCfg = Release|Any CPU
		{BC0A0876-7C46-4CCC-AFFC-7DC0BAEF593A}.Release|Any CPU.Build.0 = Release|Any CPU
		{BC0A0876-7C46-4CCC-AFFC-7DC0BAEF593A}.Debug|iPhoneSimulator.ActiveCfg = Debug|Any CPU
		{BC0A0876-7C46-4CCC-AFFC-7DC0BAEF593A}.Debug|iPhoneSimulator.Build.0 = Debug|Any CPU
		{BC0A0876-7C46-4CCC-AFFC-7DC0BAEF593A}.Release|iPhoneSimulator.ActiveCfg = Release|Any CPU
		{BC0A0876-7C46-4CCC-AFFC-7DC0BAEF593A}.Release|iPhoneSimulator.Build.0 = Release|Any CPU
		{BC0A0876-7C46-4CCC-AFFC-7DC0BAEF593A}.Debug|iPhone.ActiveCfg = Debug|Any CPU
		{BC0A0876-7C46-4CCC-AFFC-7DC0BAEF593A}.Debug|iPhone.Build.0 = Debug|Any CPU
		{BC0A0876-7C46-4CCC-AFFC-7DC0BAEF593A}.Release|iPhone.ActiveCfg = Release|Any CPU
		{BC0A0876-7C46-4CCC-AFFC-7DC0BAEF593A}.Release|iPhone.Build.0 = Release|Any CPU
		{BC0A0876-7C46-4CCC-AFFC-7DC0BAEF593A}.Ad-Hoc|iPhone.ActiveCfg = Debug|Any CPU
		{BC0A0876-7C46-4CCC-AFFC-7DC0BAEF593A}.Ad-Hoc|iPhone.Build.0 = Debug|Any CPU
		{BC0A0876-7C46-4CCC-AFFC-7DC0BAEF593A}.AppStore|iPhone.ActiveCfg = Debug|Any CPU
		{BC0A0876-7C46-4CCC-AFFC-7DC0BAEF593A}.AppStore|iPhone.Build.0 = Debug|Any CPU
		{156C8A0C-6B32-4F0B-9C41-B401D1EC0244}.Debug|Any CPU.ActiveCfg = Debug|iPhoneSimulator
		{156C8A0C-6B32-4F0B-9C41-B401D1EC0244}.Debug|Any CPU.Build.0 = Debug|iPhoneSimulator
		{156C8A0C-6B32-4F0B-9C41-B401D1EC0244}.Release|Any CPU.ActiveCfg = Release|iPhoneSimulator
		{156C8A0C-6B32-4F0B-9C41-B401D1EC0244}.Release|Any CPU.Build.0 = Release|iPhoneSimulator
		{156C8A0C-6B32-4F0B-9C41-B401D1EC0244}.Debug|iPhoneSimulator.ActiveCfg = Debug|iPhoneSimulator
		{156C8A0C-6B32-4F0B-9C41-B401D1EC0244}.Debug|iPhoneSimulator.Build.0 = Debug|iPhoneSimulator
		{156C8A0C-6B32-4F0B-9C41-B401D1EC0244}.Release|iPhoneSimulator.ActiveCfg = Release|iPhoneSimulator
		{156C8A0C-6B32-4F0B-9C41-B401D1EC0244}.Release|iPhoneSimulator.Build.0 = Release|iPhoneSimulator
		{156C8A0C-6B32-4F0B-9C41-B401D1EC0244}.Debug|iPhone.ActiveCfg = Debug|iPhone
		{156C8A0C-6B32-4F0B-9C41-B401D1EC0244}.Debug|iPhone.Build.0 = Debug|iPhone
		{156C8A0C-6B32-4F0B-9C41-B401D1EC0244}.Release|iPhone.ActiveCfg = Release|iPhone
		{156C8A0C-6B32-4F0B-9C41-B401D1EC0244}.Release|iPhone.Build.0 = Release|iPhone
		{156C8A0C-6B32-4F0B-9C41-B401D1EC0244}.Ad-Hoc|iPhone.ActiveCfg = Ad-Hoc|iPhone
		{156C8A0C-6B32-4F0B-9C41-B401D1EC0244}.Ad-Hoc|iPhone.Build.0 = Ad-Hoc|iPhone
		{156C8A0C-6B32-4F0B-9C41-B401D1EC0244}.AppStore|iPhone.ActiveCfg = AppStore|iPhone
		{156C8A0C-6B32-4F0B-9C41-B401D1EC0244}.AppStore|iPhone.Build.0 = AppStore|iPhone
	EndGlobalSection
EndGlobal
